PODS:
  - dart_duckdb (1.2.2):
    - FlutterMacOS
  - FlutterMacOS (1.0.0)

DEPENDENCIES:
  - dart_duckdb (from `Flutter/ephemeral/.symlinks/plugins/dart_duckdb/macos`)
  - FlutterMacOS (from `Flutter/ephemeral`)

EXTERNAL SOURCES:
  dart_duckdb:
    :path: Flutter/ephemeral/.symlinks/plugins/dart_duckdb/macos
  FlutterMacOS:
    :path: Flutter/ephemeral

SPEC CHECKSUMS:
  dart_duckdb: 94c5fe8f62e39ab7a188c3c6bb36ede7192bd0a5
  FlutterMacOS: d0db08ddef1a9af05a5ec4b724367152bb0500b1

PODFILE CHECKSUM: 659435940312d5f50841f86241bfbffc803e23b8

COCOAPODS: 1.16.2
